
Microsoft Visual Studio Solution File, Format Version 12.00
# Visual Studio Version 17
VisualStudioVersion = 17.10.35013.160
MinimumVisualStudioVersion = 10.0.40219.1
Project("{FAE04EC0-301F-11D3-BF4B-00C04F79EFBC}") = "CS205_HW_3", "CS205_HW_3.csproj", "{DC5B124B-D296-47EE-BA67-BC3992F85E3B}"
EndProject
Global
	GlobalSection(SolutionConfigurationPlatforms) = preSolution
		Debug|Any CPU = Debug|Any CPU
		Release|Any CPU = Release|Any CPU
	EndGlobalSection
	GlobalSection(ProjectConfigurationPlatforms) = postSolution
		{DC5B124B-D296-47EE-BA67-BC3992F85E3B}.Debug|Any CPU.ActiveCfg = Debug|Any CPU
		{DC5B124B-D296-47EE-BA67-BC3992F85E3B}.Debug|Any CPU.Build.0 = Debug|Any CPU
		{DC5B124B-D296-47EE-BA67-BC3992F85E3B}.Release|Any CPU.ActiveCfg = Release|Any CPU
		{DC5B124B-D296-47EE-BA67-BC3992F85E3B}.Release|Any CPU.Build.0 = Release|Any CPU
	EndGlobalSection
	GlobalSection(SolutionProperties) = preSolution
		HideSolutionNode = FALSE
	EndGlobalSection
	GlobalSection(ExtensibilityGlobals) = postSolution
		SolutionGuid = {1257E252-E635-4D13-A9AC-22CF54D33CCF}
	EndGlobalSection
EndGlobal
